
Microsoft Visual Studio Solution File, Format Version 10.00
# Visual Studio 2008
Project("{FAE04EC0-301F-11D3-BF4B-00C04F79EFBC}") = "Wis.Toolkit", "Wis.Toolkit\Wis.Toolkit.csproj", "{5EC44A43-EAA5-4D59-A208-C1CE3801B982}"
EndProject
Project("{FAE04EC0-301F-11D3-BF4B-00C04F79EFBC}") = "Wis.Website", "Wis.Website\Wis.Website.csproj", "{5BF11998-5ED7-487C-A8B8-94D911A6DFAD}"
EndProject
Project("{FAE04EC0-301F-11D3-BF4B-00C04F79EFBC}") = "Wis.Website.Web", "Wis.Website.Web\Wis.Website.Web.csproj", "{7ABCB0FA-180A-42B2-BD19-882DCEC15922}"
EndProject
Global
	GlobalSection(SubversionScc) = preSolution
		Svn-Managed = True
		Manager = AnkhSVN - Subversion Support for Visual Studio
	EndGlobalSection
	GlobalSection(SolutionConfigurationPlatforms) = preSolution
		Debug|Any CPU = Debug|Any CPU
		Release|Any CPU = Release|Any CPU
	EndGlobalSection
	GlobalSection(ProjectConfigurationPlatforms) = postSolution
		{5EC44A43-EAA5-4D59-A208-C1CE3801B982}.Debug|Any CPU.ActiveCfg = Debug|Any CPU
		{5EC44A43-EAA5-4D59-A208-C1CE3801B982}.Debug|Any CPU.Build.0 = Debug|Any CPU
		{5EC44A43-EAA5-4D59-A208-C1CE3801B982}.Release|Any CPU.ActiveCfg = Release|Any CPU
		{5EC44A43-EAA5-4D59-A208-C1CE3801B982}.Release|Any CPU.Build.0 = Release|Any CPU
		{5BF11998-5ED7-487C-A8B8-94D911A6DFAD}.Debug|Any CPU.ActiveCfg = Debug|Any CPU
		{5BF11998-5ED7-487C-A8B8-94D911A6DFAD}.Debug|Any CPU.Build.0 = Debug|Any CPU
		{5BF11998-5ED7-487C-A8B8-94D911A6DFAD}.Release|Any CPU.ActiveCfg = Release|Any CPU
		{5BF11998-5ED7-487C-A8B8-94D911A6DFAD}.Release|Any CPU.Build.0 = Release|Any CPU
		{7ABCB0FA-180A-42B2-BD19-882DCEC15922}.Debug|Any CPU.ActiveCfg = Debug|Any CPU
		{7ABCB0FA-180A-42B2-BD19-882DCEC15922}.Debug|Any CPU.Build.0 = Debug|Any CPU
		{7ABCB0FA-180A-42B2-BD19-882DCEC15922}.Release|Any CPU.ActiveCfg = Release|Any CPU
		{7ABCB0FA-180A-42B2-BD19-882DCEC15922}.Release|Any CPU.Build.0 = Release|Any CPU
	EndGlobalSection
	GlobalSection(SolutionProperties) = preSolution
		HideSolutionNode = FALSE
	EndGlobalSection
EndGlobal
